// !$*UTF8*$!
{
	archiveVersion = 1;
	classes = {
	};
	objectVersion = 55;
	objects = {

/* Begin PBXBuildFile section */
		D60DAF6428909A2200519B3D /* SimpleTodoListApp.swift in Sources */ = {isa = PBXBuildFile; fileRef = D60DAF6328909A2200519B3D /* SimpleTodoListApp.swift */; };
		D60DAF6828909A2700519B3D /* Assets.xcassets in Resources */ = {isa = PBXBuildFile; fileRef = D60DAF6728909A2700519B3D /* Assets.xcassets */; };
		D60DAF6B28909A2700519B3D /* Preview Assets.xcassets in Resources */ = {isa = PBXBuildFile; fileRef = D60DAF6A28909A2700519B3D /* Preview Assets.xcassets */; };
		D67F391C28DBC46500D96924 /* NoItemView.swift in Sources */ = {isa = PBXBuildFile; fileRef = D67F391B28DBC46500D96924 /* NoItemView.swift */; };
		D68AE46128934810004636D7 /* TodoItem.swift in Sources */ = {isa = PBXBuildFile; fileRef = D68AE46028934810004636D7 /* TodoItem.swift */; };
		D68AE46328934BDC004636D7 /* AddTodoView.swift in Sources */ = {isa = PBXBuildFile; fileRef = D68AE46228934BDC004636D7 /* AddTodoView.swift */; };
		D68AE46528934BE7004636D7 /* EditTodoView.swift in Sources */ = {isa = PBXBuildFile; fileRef = D68AE46428934BE7004636D7 /* EditTodoView.swift */; };
		D68AE46728934BFB004636D7 /* TodoSplash.storyboard in Resources */ = {isa = PBXBuildFile; fileRef = D68AE46628934BFB004636D7 /* TodoSplash.storyboard */; };
		D68AE46928934C13004636D7 /* TodoListView.swift in Sources */ = {isa = PBXBuildFile; fileRef = D68AE46828934C13004636D7 /* TodoListView.swift */; };
		D68AE48C28998F6C004636D7 /* TodoListViewModel.swift in Sources */ = {isa = PBXBuildFile; fileRef = D68AE48B28998F6C004636D7 /* TodoListViewModel.swift */; };
		D68AE48E2899A3D4004636D7 /* TodoItemRowView.swift in Sources */ = {isa = PBXBuildFile; fileRef = D68AE48D2899A3D4004636D7 /* TodoItemRowView.swift */; };
/* End PBXBuildFile section */

/* Begin PBXFileReference section */
		D60DAF6028909A2200519B3D /* SimpleTodoList.app */ = {isa = PBXFileReference; explicitFileType = wrapper.application; includeInIndex = 0; path = SimpleTodoList.app; sourceTree = BUILT_PRODUCTS_DIR; };
		D60DAF6328909A2200519B3D /* SimpleTodoListApp.swift */ = {isa = PBXFileReference; lastKnownFileType = sourcecode.swift; path = SimpleTodoListApp.swift; sourceTree = "<group>"; };
		D60DAF6728909A2700519B3D /* Assets.xcassets */ = {isa = PBXFileReference; lastKnownFileType = folder.assetcatalog; path = Assets.xcassets; sourceTree = "<group>"; };
		D60DAF6A28909A2700519B3D /* Preview Assets.xcassets */ = {isa = PBXFileReference; lastKnownFileType = folder.assetcatalog; path = "Preview Assets.xcassets"; sourceTree = "<group>"; };
		D67F391B28DBC46500D96924 /* NoItemView.swift */ = {isa = PBXFileReference; lastKnownFileType = sourcecode.swift; path = NoItemView.swift; sourceTree = "<group>"; };
		D68AE46028934810004636D7 /* TodoItem.swift */ = {isa = PBXFileReference; lastKnownFileType = sourcecode.swift; path = TodoItem.swift; sourceTree = "<group>"; };
		D68AE46228934BDC004636D7 /* AddTodoView.swift */ = {isa = PBXFileReference; lastKnownFileType = sourcecode.swift; path = AddTodoView.swift; sourceTree = "<group>"; };
		D68AE46428934BE7004636D7 /* EditTodoView.swift */ = {isa = PBXFileReference; lastKnownFileType = sourcecode.swift; path = EditTodoView.swift; sourceTree = "<group>"; };
		D68AE46628934BFB004636D7 /* TodoSplash.storyboard */ = {isa = PBXFileReference; lastKnownFileType = file.storyboard; path = TodoSplash.storyboard; sourceTree = "<group>"; };
		D68AE46828934C13004636D7 /* TodoListView.swift */ = {isa = PBXFileReference; lastKnownFileType = sourcecode.swift; path = TodoListView.swift; sourceTree = "<group>"; };
		D68AE48B28998F6C004636D7 /* TodoListViewModel.swift */ = {isa = PBXFileReference; lastKnownFileType = sourcecode.swift; path = TodoListViewModel.swift; sourceTree = "<group>"; };
		D68AE48D2899A3D4004636D7 /* TodoItemRowView.swift */ = {isa = PBXFileReference; lastKnownFileType = sourcecode.swift; path = TodoItemRowView.swift; sourceTree = "<group>"; };
/* End PBXFileReference section */

/* Begin PBXFrameworksBuildPhase section */
		D60DAF5D28909A2200519B3D /* Frameworks */ = {
			isa = PBXFrameworksBuildPhase;
			buildActionMask = 2147483647;
			files = (
			);
			runOnlyForDeploymentPostprocessing = 0;
		};
/* End PBXFrameworksBuildPhase section */

/* Begin PBXGroup section */
		D60DAF5728909A2200519B3D = {
			isa = PBXGroup;
			children = (
				D60DAF6228909A2200519B3D /* SimpleTodoList */,
				D60DAF6128909A2200519B3D /* Products */,
			);
			sourceTree = "<group>";
		};
		D60DAF6128909A2200519B3D /* Products */ = {
			isa = PBXGroup;
			children = (
				D60DAF6028909A2200519B3D /* SimpleTodoList.app */,
			);
			name = Products;
			sourceTree = "<group>";
		};
		D60DAF6228909A2200519B3D /* SimpleTodoList */ = {
			isa = PBXGroup;
			children = (
				D68AE45D289347DB004636D7 /* Model */,
				D68AE45F289347FD004636D7 /* ViewModel */,
				D68AE45E289347F4004636D7 /* View */,
				D60DAF6328909A2200519B3D /* SimpleTodoListApp.swift */,
				D60DAF6728909A2700519B3D /* Assets.xcassets */,
				D60DAF6928909A2700519B3D /* Preview Content */,
			);
			path = SimpleTodoList;
			sourceTree = "<group>";
		};
		D60DAF6928909A2700519B3D /* Preview Content */ = {
			isa = PBXGroup;
			children = (
				D60DAF6A28909A2700519B3D /* Preview Assets.xcassets */,
			);
			path = "Preview Content";
			sourceTree = "<group>";
		};
		D68AE45D289347DB004636D7 /* Model */ = {
			isa = PBXGroup;
			children = (
				D68AE46628934BFB004636D7 /* TodoSplash.storyboard */,
				D68AE46028934810004636D7 /* TodoItem.swift */,
			);
			path = Model;
			sourceTree = "<group>";
		};
		D68AE45E289347F4004636D7 /* View */ = {
			isa = PBXGroup;
			children = (
				D68AE46228934BDC004636D7 /* AddTodoView.swift */,
				D68AE46428934BE7004636D7 /* EditTodoView.swift */,
				D68AE46828934C13004636D7 /* TodoListView.swift */,
				D68AE48D2899A3D4004636D7 /* TodoItemRowView.swift */,
				D67F391B28DBC46500D96924 /* NoItemView.swift */,
			);
			path = View;
			sourceTree = "<group>";
		};
		D68AE45F289347FD004636D7 /* ViewModel */ = {
			isa = PBXGroup;
			children = (
				D68AE48B28998F6C004636D7 /* TodoListViewModel.swift */,
			);
			path = ViewModel;
			sourceTree = "<group>";
		};
/* End PBXGroup section */

/* Begin PBXNativeTarget section */
		D60DAF5F28909A2200519B3D /* SimpleTodoList */ = {
			isa = PBXNativeTarget;
			buildConfigurationList = D60DAF6E28909A2700519B3D /* Build configuration list for PBXNativeTarget "SimpleTodoList" */;
			buildPhases = (
				D60DAF5C28909A2200519B3D /* Sources */,
				D60DAF5D28909A2200519B3D /* Frameworks */,
				D60DAF5E28909A2200519B3D /* Resources */,
			);
			buildRules = (
			);
			dependencies = (
			);
			name = SimpleTodoList;
			productName = SimpleTodoList;
			productReference = D60DAF6028909A2200519B3D /* SimpleTodoList.app */;
			productType = "com.apple.product-type.application";
		};
/* End PBXNativeTarget section */

/* Begin PBXProject section */
		D60DAF5828909A2200519B3D /* Project object */ = {
			isa = PBXProject;
			attributes = {
				BuildIndependentTargetsInParallel = 1;
				LastSwiftUpdateCheck = 1320;
				LastUpgradeCheck = 1320;
				TargetAttributes = {
					D60DAF5F28909A2200519B3D = {
						CreatedOnToolsVersion = 13.2.1;
					};
				};
			};
			buildConfigurationList = D60DAF5B28909A2200519B3D /* Build configuration list for PBXProject "SimpleTodoList" */;
			compatibilityVersion = "Xcode 13.0";
			developmentRegion = en;
			hasScannedForEncodings = 0;
			knownRegions = (
				en,
				Base,
			);
			mainGroup = D60DAF5728909A2200519B3D;
			productRefGroup = D60DAF6128909A2200519B3D /* Products */;
			projectDirPath = "";
			projectRoot = "";
			targets = (
				D60DAF5F28909A2200519B3D /* SimpleTodoList */,
			);
		};
/* End PBXProject section */

/* Begin PBXResourcesBuildPhase section */
		D60DAF5E28909A2200519B3D /* Resources */ = {
			isa = PBXResourcesBuildPhase;
			buildActionMask = 2147483647;
			files = (
				D60DAF6B28909A2700519B3D /* Preview Assets.xcassets in Resources */,
				D60DAF6828909A2700519B3D /* Assets.xcassets in Resources */,
				D68AE46728934BFB004636D7 /* TodoSplash.storyboard in Resources */,
			);
			runOnlyForDeploymentPostprocessing = 0;
		};
/* End PBXResourcesBuildPhase section */

/* Begin PBXSourcesBuildPhase section */
		D60DAF5C28909A2200519B3D /* Sources */ = {
			isa = PBXSourcesBuildPhase;
			buildActionMask = 2147483647;
			files = (
				D68AE46128934810004636D7 /* TodoItem.swift in Sources */,
				D68AE46928934C13004636D7 /* TodoListView.swift in Sources */,
				D67F391C28DBC46500D96924 /* NoItemView.swift in Sources */,
				D68AE46528934BE7004636D7 /* EditTodoView.swift in Sources */,
				D68AE46328934BDC004636D7 /* AddTodoView.swift in Sources */,
				D68AE48E2899A3D4004636D7 /* TodoItemRowView.swift in Sources */,
				D68AE48C28998F6C004636D7 /* TodoListViewModel.swift in Sources */,
				D60DAF6428909A2200519B3D /* SimpleTodoListApp.swift in Sources */,
			);
			runOnlyForDeploymentPostprocessing = 0;
		};
/* End PBXSourcesBuildPhase section */

/* Begin XCBuildConfiguration section */
		D60DAF6C28909A2700519B3D /* Debug */ = {
			isa = XCBuildConfiguration;
			buildSettings = {
				ALWAYS_SEARCH_USER_PATHS = NO;
				CLANG_ANALYZER_NONNULL = YES;
				CLANG_ANALYZER_NUMBER_OBJECT_CONVERSION = YES_AGGRESSIVE;
				CLANG_CXX_LANGUAGE_STANDARD = "gnu++17";
				CLANG_CXX_LIBRARY = "libc++";
				CLANG_ENABLE_MODULES = YES;
				CLANG_ENABLE_OBJC_ARC = YES;
				CLANG_ENABLE_OBJC_WEAK = YES;
				CLANG_WARN_BLOCK_CAPTURE_AUTORELEASING = YES;
				CLANG_WARN_BOOL_CONVERSION = YES;
				CLANG_WARN_COMMA = YES;
				CLANG_WARN_CONSTANT_CONVERSION = YES;
				CLANG_WARN_DEPRECATED_OBJC_IMPLEMENTATIONS = YES;
				CLANG_WARN_DIRECT_OBJC_ISA_USAGE = YES_ERROR;
				CLANG_WARN_DOCUMENTATION_COMMENTS = YES;
				CLANG_WARN_EMPTY_BODY = YES;
				CLANG_WARN_ENUM_CONVERSION = YES;
				CLANG_WARN_INFINITE_RECURSION = YES;
				CLANG_WARN_INT_CONVERSION = YES;
				CLANG_WARN_NON_LITERAL_NULL_CONVERSION = YES;
				CLANG_WARN_OBJC_IMPLICIT_RETAIN_SELF = YES;
				CLANG_WARN_OBJC_LITERAL_CONVERSION = YES;
				CLANG_WARN_OBJC_ROOT_CLASS = YES_ERROR;
				CLANG_WARN_QUOTED_INCLUDE_IN_FRAMEWORK_HEADER = YES;
				CLANG_WARN_RANGE_LOOP_ANALYSIS = YES;
				CLANG_WARN_STRICT_PROTOTYPES = YES;
				CLANG_WARN_SUSPICIOUS_MOVE = YES;
				CLANG_WARN_UNGUARDED_AVAILABILITY = YES_AGGRESSIVE;
				CLANG_WARN_UNREACHABLE_CODE = YES;
				CLANG_WARN__DUPLICATE_METHOD_MATCH = YES;
				COPY_PHASE_STRIP = NO;
				DEBUG_INFORMATION_FORMAT = dwarf;
				ENABLE_STRICT_OBJC_MSGSEND = YES;
				ENABLE_TESTABILITY = YES;
				GCC_C_LANGUAGE_STANDARD = gnu11;
				GCC_DYNAMIC_NO_PIC = NO;
				GCC_NO_COMMON_BLOCKS = YES;
				GCC_OPTIMIZATION_LEVEL = 0;
				GCC_PREPROCESSOR_DEFINITIONS = (
					"DEBUG=1",
					"$(inherited)",
				);
				GCC_WARN_64_TO_32_BIT_CONVERSION = YES;
				GCC_WARN_ABOUT_RETURN_TYPE = YES_ERROR;
				GCC_WARN_UNDECLARED_SELECTOR = YES;
				GCC_WARN_UNINITIALIZED_AUTOS = YES_AGGRESSIVE;
				GCC_WARN_UNUSED_FUNCTION = YES;
				GCC_WARN_UNUSED_VARIABLE = YES;
				IPHONEOS_DEPLOYMENT_TARGET = 15.2;
				MTL_ENABLE_DEBUG_INFO = INCLUDE_SOURCE;
				MTL_FAST_MATH = YES;
				ONLY_ACTIVE_ARCH = YES;
				SDKROOT = iphoneos;
				SWIFT_ACTIVE_COMPILATION_CONDITIONS = DEBUG;
				SWIFT_OPTIMIZATION_LEVEL = "-Onone";
			};
			name = Debug;
		};
		D60DAF6D28909A2700519B3D /* Release */ = {
			isa = XCBuildConfiguration;
			buildSettings = {
				ALWAYS_SEARCH_USER_PATHS = NO;
				CLANG_ANALYZER_NONNULL = YES;
				CLANG_ANALYZER_NUMBER_OBJECT_CONVERSION = YES_AGGRESSIVE;
				CLANG_CXX_LANGUAGE_STANDARD = "gnu++17";
				CLANG_CXX_LIBRARY = "libc++";
				CLANG_ENABLE_MODULES = YES;
				CLANG_ENABLE_OBJC_ARC = YES;
				CLANG_ENABLE_OBJC_WEAK = YES;
				CLANG_WARN_BLOCK_CAPTURE_AUTORELEASING = YES;
				CLANG_WARN_BOOL_CONVERSION = YES;
				CLANG_WARN_COMMA = YES;
				CLANG_WARN_CONSTANT_CONVERSION = YES;
				CLANG_WARN_DEPRECATED_OBJC_IMPLEMENTATIONS = YES;
				CLANG_WARN_DIRECT_OBJC_ISA_USAGE = YES_ERROR;
				CLANG_WARN_DOCUMENTATION_COMMENTS = YES;
				CLANG_WARN_EMPTY_BODY = YES;
				CLANG_WARN_ENUM_CONVERSION = YES;
				CLANG_WARN_INFINITE_RECURSION = YES;
				CLANG_WARN_INT_CONVERSION = YES;
				CLANG_WARN_NON_LITERAL_NULL_CONVERSION = YES;
				CLANG_WARN_OBJC_IMPLICIT_RETAIN_SELF = YES;
				CLANG_WARN_OBJC_LITERAL_CONVERSION = YES;
				CLANG_WARN_OBJC_ROOT_CLASS = YES_ERROR;
				CLANG_WARN_QUOTED_INCLUDE_IN_FRAMEWORK_HEADER = YES;
				CLANG_WARN_RANGE_LOOP_ANALYSIS = YES;
				CLANG_WARN_STRICT_PROTOTYPES = YES;
				CLANG_WARN_SUSPICIOUS_MOVE = YES;
				CLANG_WARN_UNGUARDED_AVAILABILITY = YES_AGGRESSIVE;
				CLANG_WARN_UNREACHABLE_CODE = YES;
				CLANG_WARN__DUPLICATE_METHOD_MATCH = YES;
				COPY_PHASE_STRIP = NO;
				DEBUG_INFORMATION_FORMAT = "dwarf-with-dsym";
				ENABLE_NS_ASSERTIONS = NO;
				ENABLE_STRICT_OBJC_MSGSEND = YES;
				GCC_C_LANGUAGE_STANDARD = gnu11;
				GCC_NO_COMMON_BLOCKS = YES;
				GCC_WARN_64_TO_32_BIT_CONVERSION = YES;
				GCC_WARN_ABOUT_RETURN_TYPE = YES_ERROR;
				GCC_WARN_UNDECLARED_SELECTOR = YES;
				GCC_WARN_UNINITIALIZED_AUTOS = YES_AGGRESSIVE;
				GCC_WARN_UNUSED_FUNCTION = YES;
				GCC_WARN_UNUSED_VARIABLE = YES;
				IPHONEOS_DEPLOYMENT_TARGET = 15.2;
				MTL_ENABLE_DEBUG_INFO = NO;
				MTL_FAST_MATH = YES;
				SDKROOT = iphoneos;
				SWIFT_COMPILATION_MODE = wholemodule;
				SWIFT_OPTIMIZATION_LEVEL = "-O";
				VALIDATE_PRODUCT = YES;
			};
			name = Release;
		};
		D60DAF6F28909A2700519B3D /* Debug */ = {
			isa = XCBuildConfiguration;
			buildSettings = {
				ASSETCATALOG_COMPILER_APPICON_NAME = AppIcon;
				ASSETCATALOG_COMPILER_GLOBAL_ACCENT_COLOR_NAME = AccentColor;
				CODE_SIGN_STYLE = Automatic;
				CURRENT_PROJECT_VERSION = 1;
				DEVELOPMENT_ASSET_PATHS = "\"SimpleTodoList/Preview Content\"";
				DEVELOPMENT_TEAM = CVSQ5XPA59;
				ENABLE_PREVIEWS = YES;
				GENERATE_INFOPLIST_FILE = YES;
				INFOPLIST_KEY_UIApplicationSceneManifest_Generation = YES;
				INFOPLIST_KEY_UIApplicationSupportsIndirectInputEvents = YES;
				INFOPLIST_KEY_UILaunchScreen_Generation = YES;
				INFOPLIST_KEY_UISupportedInterfaceOrientations_iPad = "UIInterfaceOrientationPortrait UIInterfaceOrientationPortraitUpsideDown UIInterfaceOrientationLandscapeLeft UIInterfaceOrientationLandscapeRight";
				INFOPLIST_KEY_UISupportedInterfaceOrientations_iPhone = "UIInterfaceOrientationPortrait UIInterfaceOrientationLandscapeLeft UIInterfaceOrientationLandscapeRight";
				IPHONEOS_DEPLOYMENT_TARGET = 14.0;
				LD_RUNPATH_SEARCH_PATHS = (
					"$(inherited)",
					"@executable_path/Frameworks",
				);
				MARKETING_VERSION = 1.0;
				PRODUCT_BUNDLE_IDENTIFIER = com.Lovestar1325.SimpleTodoList;
				PRODUCT_NAME = "$(TARGET_NAME)";
				SWIFT_EMIT_LOC_STRINGS = YES;
				SWIFT_VERSION = 5.0;
				TARGETED_DEVICE_FAMILY = "1,2";
			};
			name = Debug;
		};
		D60DAF7028909A2700519B3D /* Release */ = {
			isa = XCBuildConfiguration;
			buildSettings = {
				ASSETCATALOG_COMPILER_APPICON_NAME = AppIcon;
				ASSETCATALOG_COMPILER_GLOBAL_ACCENT_COLOR_NAME = AccentColor;
				CODE_SIGN_STYLE = Automatic;
				CURRENT_PROJECT_VERSION = 1;
				DEVELOPMENT_ASSET_PATHS = "\"SimpleTodoList/Preview Content\"";
				DEVELOPMENT_TEAM = CVSQ5XPA59;
				ENABLE_PREVIEWS = YES;
				GENERATE_INFOPLIST_FILE = YES;
				INFOPLIST_KEY_UIApplicationSceneManifest_Generation = YES;
				INFOPLIST_KEY_UIApplicationSupportsIndirectInputEvents = YES;
				INFOPLIST_KEY_UILaunchScreen_Generation = YES;
				INFOPLIST_KEY_UISupportedInterfaceOrientations_iPad = "UIInterfaceOrientationPortrait UIInterfaceOrientationPortraitUpsideDown UIInterfaceOrientationLandscapeLeft UIInterfaceOrientationLandscapeRight";
				INFOPLIST_KEY_UISupportedInterfaceOrientations_iPhone = "UIInterfaceOrientationPortrait UIInterfaceOrientationLandscapeLeft UIInterfaceOrientationLandscapeRight";
				IPHONEOS_DEPLOYMENT_TARGET = 14.0;
				LD_RUNPATH_SEARCH_PATHS = (
					"$(inherited)",
					"@executable_path/Frameworks",
				);
				MARKETING_VERSION = 1.0;
				PRODUCT_BUNDLE_IDENTIFIER = com.Lovestar1325.SimpleTodoList;
				PRODUCT_NAME = "$(TARGET_NAME)";
				SWIFT_EMIT_LOC_STRINGS = YES;
				SWIFT_VERSION = 5.0;
				TARGETED_DEVICE_FAMILY = "1,2";
			};
			name = Release;
		};
/* End XCBuildConfiguration section */

/* Begin XCConfigurationList section */
		D60DAF5B28909A2200519B3D /* Build configuration list for PBXProject "SimpleTodoList" */ = {
			isa = XCConfigurationList;
			buildConfigurations = (
				D60DAF6C28909A2700519B3D /* Debug */,
				D60DAF6D28909A2700519B3D /* Release */,
			);
			defaultConfigurationIsVisible = 0;
			defaultConfigurationName = Release;
		};
		D60DAF6E28909A2700519B3D /* Build configuration list for PBXNativeTarget "SimpleTodoList" */ = {
			isa = XCConfigurationList;
			buildConfigurations = (
				D60DAF6F28909A2700519B3D /* Debug */,
				D60DAF7028909A2700519B3D /* Release */,
			);
			defaultConfigurationIsVisible = 0;
			defaultConfigurationName = Release;
		};
/* End XCConfigurationList section */
	};
	rootObject = D60DAF5828909A2200519B3D /* Project object */;
}
